
Microsoft Visual Studio Solution File, Format Version 12.00
# Visual Studio Version 17
VisualStudioVersion = 17.13.35818.85 d17.13
MinimumVisualStudioVersion = 10.0.40219.1
Project("{FAE04EC0-301F-11D3-BF4B-00C04F79EFBC}") = "API", "API\API.csproj", "{1CEDF34D-9E55-4AFE-A8E4-0FDF680E4737}"
EndProject
Global
	GlobalSection(SolutionConfigurationPlatforms) = preSolution
		Debug|Any CPU = Debug|Any CPU
		Release|Any CPU = Release|Any CPU
	EndGlobalSection
	GlobalSection(ProjectConfigurationPlatforms) = postSolution
		{1CEDF34D-9E55-4AFE-A8E4-0FDF680E4737}.Debug|Any CPU.ActiveCfg = Debug|Any CPU
		{1CEDF34D-9E55-4AFE-A8E4-0FDF680E4737}.Debug|Any CPU.Build.0 = Debug|Any CPU
		{1CEDF34D-9E55-4AFE-A8E4-0FDF680E4737}.Release|Any CPU.ActiveCfg = Release|Any CPU
		{1CEDF34D-9E55-4AFE-A8E4-0FDF680E4737}.Release|Any CPU.Build.0 = Release|Any CPU
	EndGlobalSection
	GlobalSection(SolutionProperties) = preSolution
		HideSolutionNode = FALSE
	EndGlobalSection
	GlobalSection(ExtensibilityGlobals) = postSolution
		SolutionGuid = {7B1B8CD4-CCF6-4F1A-8338-2BF4A72B898D}
	EndGlobalSection
EndGlobal
